
Microsoft Visual Studio Solution File, Format Version 12.00
# Visual Studio Version 17
VisualStudioVersion = 17.2.32630.192
MinimumVisualStudioVersion = 10.0.40219.1
Project("{FAE04EC0-301F-11D3-BF4B-00C04F79EFBC}") = "WpfAppMySQL-gyak", "WpfAppMySQL-gyak\WpfAppMySQL-gyak.csproj", "{0B1ED9C2-C6AD-4A30-AA05-6755F4C233A6}"
EndProject
Global
	GlobalSection(SolutionConfigurationPlatforms) = preSolution
		Debug|Any CPU = Debug|Any CPU
		Release|Any CPU = Release|Any CPU
	EndGlobalSection
	GlobalSection(ProjectConfigurationPlatforms) = postSolution
		{0B1ED9C2-C6AD-4A30-AA05-6755F4C233A6}.Debug|Any CPU.ActiveCfg = Debug|Any CPU
		{0B1ED9C2-C6AD-4A30-AA05-6755F4C233A6}.Debug|Any CPU.Build.0 = Debug|Any CPU
		{0B1ED9C2-C6AD-4A30-AA05-6755F4C233A6}.Release|Any CPU.ActiveCfg = Release|Any CPU
		{0B1ED9C2-C6AD-4A30-AA05-6755F4C233A6}.Release|Any CPU.Build.0 = Release|Any CPU
	EndGlobalSection
	GlobalSection(SolutionProperties) = preSolution
		HideSolutionNode = FALSE
	EndGlobalSection
	GlobalSection(ExtensibilityGlobals) = postSolution
		SolutionGuid = {42A2C227-1C09-466E-8770-B1053832F42A}
	EndGlobalSection
EndGlobal
